{
  "name": "@agilexp/smb2",
  "version": "2023.4.0",
  "lockfileVersion": 3,
  "requires": true,
  "packages": {
    "": {
      "name": "@agilexp/smb2",
      "version": "2023.4.0",
      "dependencies": {
        "ntlm": "^0.1.3"
      }
    },
    "node_modules/ntlm": {
      "version": "0.1.3",
      "resolved": "https://registry.npmjs.org/ntlm/-/ntlm-0.1.3.tgz",
      "integrity": "sha1-O4FOvFMKHmzXEtzwz1kBVZMRlcE=",
      "engines": [
        "node"
      ]
    }
  }
}
